{
  "name": "ECommerce-Website",
  "lockfileVersion": 3,
  "requires": true,
  "packages": {
    "": {
      "name": "ECommerce-Website",
      "dependencies": {
        "i": "^0.3.7",
        "react-multi-carousel": "^2.8.5"
      }
    },
    "node_modules/i": {
      "version": "0.3.7",
      "resolved": "https://registry.npmjs.org/i/-/i-0.3.7.tgz",
      "integrity": "sha512-FYz4wlXgkQwIPqhzC5TdNMLSE5+GS1IIDJZY/1ZiEPCT2S3COUVZeT5OW4BmW4r5LHLQuOosSwsvnroG9GR59Q==",
      "engines": {
        "node": ">=0.4"
      }
    },
    "node_modules/react-multi-carousel": {
      "version": "2.8.5",
      "resolved": "https://registry.npmjs.org/react-multi-carousel/-/react-multi-carousel-2.8.5.tgz",
      "integrity": "sha512-C5DAvJkfzR2JK9YixZ3oyF9x6R4LW6nzTpIXrl9Oujxi4uqP9SzVVCjl+JLM3tSdqdjAx/oWZK3dTVBSR73Q+w==",
      "engines": {
        "node": ">=8"
      }
    }
  }
}
